
Microsoft Visual Studio Solution File, Format Version 12.00
# Visual Studio 15
VisualStudioVersion = 15.0.28307.271
MinimumVisualStudioVersion = 10.0.40219.1
Project("{FAE04EC0-301F-11D3-BF4B-00C04F79EFBC}") = "Whoswho", "Whoswho\Whoswho.csproj", "{88CE09D6-8B3F-4088-B652-400FE8FC2EF5}"
EndProject
Global
	GlobalSection(SolutionConfigurationPlatforms) = preSolution
		Debug|Any CPU = Debug|Any CPU
		Release|Any CPU = Release|Any CPU
	EndGlobalSection
	GlobalSection(ProjectConfigurationPlatforms) = postSolution
		{88CE09D6-8B3F-4088-B652-400FE8FC2EF5}.Debug|Any CPU.ActiveCfg = Debug|Any CPU
		{88CE09D6-8B3F-4088-B652-400FE8FC2EF5}.Debug|Any CPU.Build.0 = Debug|Any CPU
		{88CE09D6-8B3F-4088-B652-400FE8FC2EF5}.Release|Any CPU.ActiveCfg = Release|Any CPU
		{88CE09D6-8B3F-4088-B652-400FE8FC2EF5}.Release|Any CPU.Build.0 = Release|Any CPU
	EndGlobalSection
	GlobalSection(SolutionProperties) = preSolution
		HideSolutionNode = FALSE
	EndGlobalSection
	GlobalSection(ExtensibilityGlobals) = postSolution
		SolutionGuid = {0499BD91-D3D5-4644-9A3E-7716DC7EBBA3}
	EndGlobalSection
EndGlobal
